
Microsoft Visual Studio Solution File, Format Version 12.00
# Visual Studio Version 16
VisualStudioVersion = 16.0.30907.101
MinimumVisualStudioVersion = 10.0.40219.1
Project("{FAE04EC0-301F-11D3-BF4B-00C04F79EFBC}") = "SmartPantry", "SmartPantry\SmartPantry.csproj", "{A39450BE-FADC-4798-B43E-7B1D158481FA}"
EndProject
Global
	GlobalSection(SolutionConfigurationPlatforms) = preSolution
		Debug|Any CPU = Debug|Any CPU
		Release|Any CPU = Release|Any CPU
	EndGlobalSection
	GlobalSection(ProjectConfigurationPlatforms) = postSolution
		{A39450BE-FADC-4798-B43E-7B1D158481FA}.Debug|Any CPU.ActiveCfg = Debug|Any CPU
		{A39450BE-FADC-4798-B43E-7B1D158481FA}.Debug|Any CPU.Build.0 = Debug|Any CPU
		{A39450BE-FADC-4798-B43E-7B1D158481FA}.Release|Any CPU.ActiveCfg = Release|Any CPU
		{A39450BE-FADC-4798-B43E-7B1D158481FA}.Release|Any CPU.Build.0 = Release|Any CPU
	EndGlobalSection
	GlobalSection(SolutionProperties) = preSolution
		HideSolutionNode = FALSE
	EndGlobalSection
	GlobalSection(ExtensibilityGlobals) = postSolution
		SolutionGuid = {9F8C40D1-3F06-440E-8A99-6E733AF576FC}
	EndGlobalSection
EndGlobal
